
Microsoft Visual Studio Solution File, Format Version 12.00
# Visual Studio Version 16
VisualStudioVersion = 16.0.31205.134
MinimumVisualStudioVersion = 10.0.40219.1
Project("{888888A0-9F3D-457C-B088-3A5042F75D52}") = "Поколение Python-2", "Поколение Python-2\Поколение Python-2.pyproj", "{002CBEBB-91A8-4357-80F7-F430BAAA86F8}"
EndProject
Global
	GlobalSection(SolutionConfigurationPlatforms) = preSolution
		Debug|Any CPU = Debug|Any CPU
		Release|Any CPU = Release|Any CPU
	EndGlobalSection
	GlobalSection(ProjectConfigurationPlatforms) = postSolution
		{002CBEBB-91A8-4357-80F7-F430BAAA86F8}.Debug|Any CPU.ActiveCfg = Debug|Any CPU
		{002CBEBB-91A8-4357-80F7-F430BAAA86F8}.Release|Any CPU.ActiveCfg = Release|Any CPU
	EndGlobalSection
	GlobalSection(SolutionProperties) = preSolution
		HideSolutionNode = FALSE
	EndGlobalSection
	GlobalSection(ExtensibilityGlobals) = postSolution
		SolutionGuid = {AA9C1B38-B80F-43A8-8182-385802D98032}
	EndGlobalSection
EndGlobal
